{
    "name": "r6smap",
    "lockfileVersion": 2,
    "requires": true,
    "packages": {
        "": {
            "dependencies": {
                "r6operators": "^2.10.2"
            }
        },
        "node_modules/clsx": {
            "version": "2.1.1",
            "resolved": "https://registry.npmjs.org/clsx/-/clsx-2.1.1.tgz",
            "integrity": "sha512-eYm0QWBtUrBWZWG0d386OGAw16Z995PiOVo2B7bjWSbHedGl5e0ZWaq65kOGgUSNesEIDkB9ISbTg/JK9dhCZA==",
            "engines": {
                "node": ">=6"
            }
        },
        "node_modules/r6operators": {
            "version": "2.10.2",
            "resolved": "https://registry.npmjs.org/r6operators/-/r6operators-2.10.2.tgz",
            "integrity": "sha512-Rouq6/NTcB6lpyEs4ESQFiIyD4oMcLb5TPDyQuiW6yo7Mrgcu5yxmYA8Y9X4NSS0kZfjI13be8r4tek+FUGKnQ==",
            "dependencies": {
                "clsx": "^2.0.0"
            }
        }
    },
    "dependencies": {
        "clsx": {
            "version": "2.1.1",
            "resolved": "https://registry.npmjs.org/clsx/-/clsx-2.1.1.tgz",
            "integrity": "sha512-eYm0QWBtUrBWZWG0d386OGAw16Z995PiOVo2B7bjWSbHedGl5e0ZWaq65kOGgUSNesEIDkB9ISbTg/JK9dhCZA=="
        },
        "r6operators": {
            "version": "2.10.2",
            "resolved": "https://registry.npmjs.org/r6operators/-/r6operators-2.10.2.tgz",
            "integrity": "sha512-Rouq6/NTcB6lpyEs4ESQFiIyD4oMcLb5TPDyQuiW6yo7Mrgcu5yxmYA8Y9X4NSS0kZfjI13be8r4tek+FUGKnQ==",
            "requires": {
                "clsx": "^2.0.0"
            }
        }
    }
}
